
Microsoft Visual Studio Solution File, Format Version 12.00
# Visual Studio Version 17
VisualStudioVersion = 17.10.35027.167
MinimumVisualStudioVersion = 10.0.40219.1
Project("{FAE04EC0-301F-11D3-BF4B-00C04F79EFBC}") = "JwtAuthApplication", "JwtAuthApplication\JwtAuthApplication.csproj", "{391E3881-A881-4E79-9271-19FD84A6695F}"
EndProject
Global
	GlobalSection(SolutionConfigurationPlatforms) = preSolution
		Debug|Any CPU = Debug|Any CPU
		Release|Any CPU = Release|Any CPU
	EndGlobalSection
	GlobalSection(ProjectConfigurationPlatforms) = postSolution
		{391E3881-A881-4E79-9271-19FD84A6695F}.Debug|Any CPU.ActiveCfg = Debug|Any CPU
		{391E3881-A881-4E79-9271-19FD84A6695F}.Debug|Any CPU.Build.0 = Debug|Any CPU
		{391E3881-A881-4E79-9271-19FD84A6695F}.Release|Any CPU.ActiveCfg = Release|Any CPU
		{391E3881-A881-4E79-9271-19FD84A6695F}.Release|Any CPU.Build.0 = Release|Any CPU
	EndGlobalSection
	GlobalSection(SolutionProperties) = preSolution
		HideSolutionNode = FALSE
	EndGlobalSection
	GlobalSection(ExtensibilityGlobals) = postSolution
		SolutionGuid = {3F88A1C5-9A1C-4239-A26C-7C5D66363689}
	EndGlobalSection
EndGlobal
